{
  "name": "canvasparticles-js-homepage",
  "version": "1.0.0",
  "lockfileVersion": 3,
  "requires": true,
  "packages": {
    "": {
      "name": "canvasparticles-js-homepage",
      "version": "1.0.0",
      "dependencies": {
        "canvasparticles-js": "*"
      }
    },
    "node_modules/canvasparticles-js": {
      "version": "3.6.3",
      "resolved": "https://registry.npmjs.org/canvasparticles-js/-/canvasparticles-js-3.6.3.tgz",
      "integrity": "sha512-Oumwrtvo1KNKqM5mnY8JfQl+q1ngRs8JHaztGUOoGfQh4bzLh4UaZZ6g5CuJLwTOVBZB7GPdR5uuY7WJ3igfuA==",
      "license": "MIT"
    }
  }
}
