{
  "name": "canvasparticles-js-homepage",
  "version": "1.0.0",
  "lockfileVersion": 3,
  "requires": true,
  "packages": {
    "": {
      "name": "canvasparticles-js-homepage",
      "version": "1.0.0",
      "dependencies": {
        "canvasparticles-js": "latest"
      },
      "devDependencies": {
        "prettier": "^3.6.2"
      }
    },
    "node_modules/canvasparticles-js": {
      "version": "3.6.8",
      "resolved": "https://registry.npmjs.org/canvasparticles-js/-/canvasparticles-js-3.6.8.tgz",
      "integrity": "sha512-wqlpX+1LXYrOcT6WArg7gAR+tQ8YwTiztfrnsnVL6kgFvdP7f4tluhntqxRciWUjoLaSTt4eHqSImCsDZazQag==",
      "license": "MIT"
    },
    "node_modules/prettier": {
      "version": "3.6.2",
      "resolved": "https://registry.npmjs.org/prettier/-/prettier-3.6.2.tgz",
      "integrity": "sha512-I7AIg5boAr5R0FFtJ6rCfD+LFsWHp81dolrFD8S79U9tb8Az2nGrJncnMSnys+bpQJfRUzqs9hnA81OAA3hCuQ==",
      "dev": true,
      "license": "MIT",
      "bin": {
        "prettier": "bin/prettier.cjs"
      },
      "engines": {
        "node": ">=14"
      },
      "funding": {
        "url": "https://github.com/prettier/prettier?sponsor=1"
      }
    }
  }
}
