{
  "name": "canvasparticles-js-homepage",
  "version": "1.0.0",
  "lockfileVersion": 3,
  "requires": true,
  "packages": {
    "": {
      "name": "canvasparticles-js-homepage",
      "version": "1.0.0",
      "dependencies": {
        "canvasparticles-js": "latest"
      }
    },
    "node_modules/canvasparticles-js": {
      "version": "3.6.8",
      "resolved": "https://registry.npmjs.org/canvasparticles-js/-/canvasparticles-js-3.6.8.tgz",
      "integrity": "sha512-wqlpX+1LXYrOcT6WArg7gAR+tQ8YwTiztfrnsnVL6kgFvdP7f4tluhntqxRciWUjoLaSTt4eHqSImCsDZazQag==",
      "license": "MIT"
    }
  }
}
